
Microsoft Visual Studio Solution File, Format Version 12.00
# Visual Studio Version 17
VisualStudioVersion = 17.12.35521.163 d17.12
MinimumVisualStudioVersion = 10.0.40219.1
Project("{FAE04EC0-301F-11D3-BF4B-00C04F79EFBC}") = "Day1", "Day1\Day1.csproj", "{338A4108-34CE-4C57-8427-4E7ACD637995}"
EndProject
Project("{FAE04EC0-301F-11D3-BF4B-00C04F79EFBC}") = "Day7", "Day7\Day7.csproj", "{5B35B2AC-7333-402A-9915-462E027BC279}"
EndProject
Global
	GlobalSection(SolutionConfigurationPlatforms) = preSolution
		Debug|Any CPU = Debug|Any CPU
		Release|Any CPU = Release|Any CPU
	EndGlobalSection
	GlobalSection(ProjectConfigurationPlatforms) = postSolution
		{338A4108-34CE-4C57-8427-4E7ACD637995}.Debug|Any CPU.ActiveCfg = Debug|Any CPU
		{338A4108-34CE-4C57-8427-4E7ACD637995}.Debug|Any CPU.Build.0 = Debug|Any CPU
		{338A4108-34CE-4C57-8427-4E7ACD637995}.Release|Any CPU.ActiveCfg = Release|Any CPU
		{338A4108-34CE-4C57-8427-4E7ACD637995}.Release|Any CPU.Build.0 = Release|Any CPU
		{5B35B2AC-7333-402A-9915-462E027BC279}.Debug|Any CPU.ActiveCfg = Debug|Any CPU
		{5B35B2AC-7333-402A-9915-462E027BC279}.Debug|Any CPU.Build.0 = Debug|Any CPU
		{5B35B2AC-7333-402A-9915-462E027BC279}.Release|Any CPU.ActiveCfg = Release|Any CPU
		{5B35B2AC-7333-402A-9915-462E027BC279}.Release|Any CPU.Build.0 = Release|Any CPU
	EndGlobalSection
	GlobalSection(SolutionProperties) = preSolution
		HideSolutionNode = FALSE
	EndGlobalSection
EndGlobal
